
Microsoft Visual Studio Solution File, Format Version 12.00
# Visual Studio Version 17
VisualStudioVersion = 17.1.32421.90
MinimumVisualStudioVersion = 10.0.40219.1
Project("{FAE04EC0-301F-11D3-BF4B-00C04F79EFBC}") = "Ejercicio nº2", "Ejercicio nº2\Ejercicio nº2.csproj", "{3CBCDC1C-C662-486A-A91E-4B04F1735236}"
EndProject
Global
	GlobalSection(SolutionConfigurationPlatforms) = preSolution
		Debug|Any CPU = Debug|Any CPU
		Release|Any CPU = Release|Any CPU
	EndGlobalSection
	GlobalSection(ProjectConfigurationPlatforms) = postSolution
		{3CBCDC1C-C662-486A-A91E-4B04F1735236}.Debug|Any CPU.ActiveCfg = Debug|Any CPU
		{3CBCDC1C-C662-486A-A91E-4B04F1735236}.Debug|Any CPU.Build.0 = Debug|Any CPU
		{3CBCDC1C-C662-486A-A91E-4B04F1735236}.Release|Any CPU.ActiveCfg = Release|Any CPU
		{3CBCDC1C-C662-486A-A91E-4B04F1735236}.Release|Any CPU.Build.0 = Release|Any CPU
	EndGlobalSection
	GlobalSection(SolutionProperties) = preSolution
		HideSolutionNode = FALSE
	EndGlobalSection
	GlobalSection(ExtensibilityGlobals) = postSolution
		SolutionGuid = {32CE541B-0837-4A27-B64F-80BE2B28B3FA}
	EndGlobalSection
EndGlobal
